
Microsoft Visual Studio Solution File, Format Version 12.00
# Visual Studio Version 17
VisualStudioVersion = 17.8.34525.116
MinimumVisualStudioVersion = 10.0.40219.1
Project("{FAE04EC0-301F-11D3-BF4B-00C04F79EFBC}") = "PastebinTests", "PastebinTests\PastebinTests.csproj", "{58179BB6-E1B1-414E-BF12-CAC471737C8D}"
EndProject
Global
	GlobalSection(SolutionConfigurationPlatforms) = preSolution
		Debug|Any CPU = Debug|Any CPU
		Release|Any CPU = Release|Any CPU
	EndGlobalSection
	GlobalSection(ProjectConfigurationPlatforms) = postSolution
		{58179BB6-E1B1-414E-BF12-CAC471737C8D}.Debug|Any CPU.ActiveCfg = Debug|Any CPU
		{58179BB6-E1B1-414E-BF12-CAC471737C8D}.Debug|Any CPU.Build.0 = Debug|Any CPU
		{58179BB6-E1B1-414E-BF12-CAC471737C8D}.Release|Any CPU.ActiveCfg = Release|Any CPU
		{58179BB6-E1B1-414E-BF12-CAC471737C8D}.Release|Any CPU.Build.0 = Release|Any CPU
	EndGlobalSection
	GlobalSection(SolutionProperties) = preSolution
		HideSolutionNode = FALSE
	EndGlobalSection
	GlobalSection(ExtensibilityGlobals) = postSolution
		SolutionGuid = {2165F1D8-3A8C-4AA7-96CF-FA9D386BD621}
	EndGlobalSection
EndGlobal
